// !$*UTF8*$!
{
	archiveVersion = 1;
	classes = {
	};
	objectVersion = 55;
	objects = {

/* Begin PBXBuildFile section */
		1C38D244283D14FE0081B0C9 /* ControllerUtils.swift in Sources */ = {isa = PBXBuildFile; fileRef = 1C38D243283D14FE0081B0C9 /* ControllerUtils.swift */; };
		1C38D246283DE45C0081B0C9 /* PreRegister.swift in Sources */ = {isa = PBXBuildFile; fileRef = 1C38D245283DE45C0081B0C9 /* PreRegister.swift */; };
		1C38D248283E26140081B0C9 /* TransactionController.swift in Sources */ = {isa = PBXBuildFile; fileRef = 1C38D247283E26140081B0C9 /* TransactionController.swift */; };
		1C8CFE5C283D00F90045F23B /* Context.swift in Sources */ = {isa = PBXBuildFile; fileRef = 1C8CFE5B283D00F90045F23B /* Context.swift */; };
		1C8CFE5F283D081A0045F23B /* CDCNAuth.swift in Sources */ = {isa = PBXBuildFile; fileRef = 1C8CFE5E283D081A0045F23B /* CDCNAuth.swift */; };
		1C8CFE61283D0B250045F23B /* Register.swift in Sources */ = {isa = PBXBuildFile; fileRef = 1C8CFE60283D0B250045F23B /* Register.swift */; };
		1C8CFE65283D11F80045F23B /* LoginController.swift in Sources */ = {isa = PBXBuildFile; fileRef = 1C8CFE64283D11F80045F23B /* LoginController.swift */; };
		1CA2453E28364C8F0013EF32 /* GeneralResponse.swift in Sources */ = {isa = PBXBuildFile; fileRef = 1CA2453D28364C8F0013EF32 /* GeneralResponse.swift */; };
		1CB571E8283627AE0016A911 /* AppDelegate.swift in Sources */ = {isa = PBXBuildFile; fileRef = 1CB571E7283627AE0016A911 /* AppDelegate.swift */; };
		1CB571EA283627AE0016A911 /* SceneDelegate.swift in Sources */ = {isa = PBXBuildFile; fileRef = 1CB571E9283627AE0016A911 /* SceneDelegate.swift */; };
		1CB571EC283627AE0016A911 /* RegisterController.swift in Sources */ = {isa = PBXBuildFile; fileRef = 1CB571EB283627AE0016A911 /* RegisterController.swift */; };
		1CB571EF283627AE0016A911 /* Main.storyboard in Resources */ = {isa = PBXBuildFile; fileRef = 1CB571ED283627AE0016A911 /* Main.storyboard */; };
		1CB571F1283627AF0016A911 /* Assets.xcassets in Resources */ = {isa = PBXBuildFile; fileRef = 1CB571F0283627AF0016A911 /* Assets.xcassets */; };
		1CB571F4283627AF0016A911 /* LaunchScreen.storyboard in Resources */ = {isa = PBXBuildFile; fileRef = 1CB571F2283627AF0016A911 /* LaunchScreen.storyboard */; };
		1CB571FE283627D50016A911 /* DigitalOTPManager.swift in Sources */ = {isa = PBXBuildFile; fileRef = 1CB571FD283627D50016A911 /* DigitalOTPManager.swift */; };
		1CB57205283637640016A911 /* FAQ.swift in Sources */ = {isa = PBXBuildFile; fileRef = 1CB57204283637640016A911 /* FAQ.swift */; };
/* End PBXBuildFile section */

/* Begin PBXFileReference section */
		1C38D243283D14FE0081B0C9 /* ControllerUtils.swift */ = {isa = PBXFileReference; lastKnownFileType = sourcecode.swift; path = ControllerUtils.swift; sourceTree = "<group>"; };
		1C38D245283DE45C0081B0C9 /* PreRegister.swift */ = {isa = PBXFileReference; lastKnownFileType = sourcecode.swift; path = PreRegister.swift; sourceTree = "<group>"; };
		1C38D247283E26140081B0C9 /* TransactionController.swift */ = {isa = PBXFileReference; lastKnownFileType = sourcecode.swift; path = TransactionController.swift; sourceTree = "<group>"; };
		1C8CFE5B283D00F90045F23B /* Context.swift */ = {isa = PBXFileReference; lastKnownFileType = sourcecode.swift; path = Context.swift; sourceTree = "<group>"; };
		1C8CFE5E283D081A0045F23B /* CDCNAuth.swift */ = {isa = PBXFileReference; lastKnownFileType = sourcecode.swift; path = CDCNAuth.swift; sourceTree = "<group>"; };
		1C8CFE60283D0B250045F23B /* Register.swift */ = {isa = PBXFileReference; lastKnownFileType = sourcecode.swift; path = Register.swift; sourceTree = "<group>"; };
		1C8CFE64283D11F80045F23B /* LoginController.swift */ = {isa = PBXFileReference; lastKnownFileType = sourcecode.swift; path = LoginController.swift; sourceTree = "<group>"; };
		1CA2453D28364C8F0013EF32 /* GeneralResponse.swift */ = {isa = PBXFileReference; lastKnownFileType = sourcecode.swift; path = GeneralResponse.swift; sourceTree = "<group>"; };
		1CB571E4283627AE0016A911 /* digital-otp-ios-demo.app */ = {isa = PBXFileReference; explicitFileType = wrapper.application; includeInIndex = 0; path = "digital-otp-ios-demo.app"; sourceTree = BUILT_PRODUCTS_DIR; };
		1CB571E7283627AE0016A911 /* AppDelegate.swift */ = {isa = PBXFileReference; lastKnownFileType = sourcecode.swift; path = AppDelegate.swift; sourceTree = "<group>"; };
		1CB571E9283627AE0016A911 /* SceneDelegate.swift */ = {isa = PBXFileReference; lastKnownFileType = sourcecode.swift; path = SceneDelegate.swift; sourceTree = "<group>"; };
		1CB571EB283627AE0016A911 /* RegisterController.swift */ = {isa = PBXFileReference; lastKnownFileType = sourcecode.swift; path = RegisterController.swift; sourceTree = "<group>"; };
		1CB571EE283627AE0016A911 /* Base */ = {isa = PBXFileReference; lastKnownFileType = file.storyboard; name = Base; path = Base.lproj/Main.storyboard; sourceTree = "<group>"; };
		1CB571F0283627AF0016A911 /* Assets.xcassets */ = {isa = PBXFileReference; lastKnownFileType = folder.assetcatalog; path = Assets.xcassets; sourceTree = "<group>"; };
		1CB571F3283627AF0016A911 /* Base */ = {isa = PBXFileReference; lastKnownFileType = file.storyboard; name = Base; path = Base.lproj/LaunchScreen.storyboard; sourceTree = "<group>"; };
		1CB571F5283627AF0016A911 /* Info.plist */ = {isa = PBXFileReference; lastKnownFileType = text.plist.xml; path = Info.plist; sourceTree = "<group>"; };
		1CB571FD283627D50016A911 /* DigitalOTPManager.swift */ = {isa = PBXFileReference; lastKnownFileType = sourcecode.swift; path = DigitalOTPManager.swift; sourceTree = "<group>"; };
		1CB57204283637640016A911 /* FAQ.swift */ = {isa = PBXFileReference; lastKnownFileType = sourcecode.swift; path = FAQ.swift; sourceTree = "<group>"; };
/* End PBXFileReference section */

/* Begin PBXFrameworksBuildPhase section */
		1CB571E1283627AE0016A911 /* Frameworks */ = {
			isa = PBXFrameworksBuildPhase;
			buildActionMask = 2147483647;
			files = (
			);
			runOnlyForDeploymentPostprocessing = 0;
		};
/* End PBXFrameworksBuildPhase section */

/* Begin PBXGroup section */
		1C8CFE5D283D08070045F23B /* dto */ = {
			isa = PBXGroup;
			children = (
				1CB57204283637640016A911 /* FAQ.swift */,
				1CA2453D28364C8F0013EF32 /* GeneralResponse.swift */,
				1C8CFE5E283D081A0045F23B /* CDCNAuth.swift */,
				1C38D245283DE45C0081B0C9 /* PreRegister.swift */,
				1C8CFE60283D0B250045F23B /* Register.swift */,
			);
			path = dto;
			sourceTree = "<group>";
		};
		1CB571DB283627AD0016A911 = {
			isa = PBXGroup;
			children = (
				1CB571E6283627AE0016A911 /* digital-otp-ios-demo */,
				1CB571E5283627AE0016A911 /* Products */,
			);
			sourceTree = "<group>";
		};
		1CB571E5283627AE0016A911 /* Products */ = {
			isa = PBXGroup;
			children = (
				1CB571E4283627AE0016A911 /* digital-otp-ios-demo.app */,
			);
			name = Products;
			sourceTree = "<group>";
		};
		1CB571E6283627AE0016A911 /* digital-otp-ios-demo */ = {
			isa = PBXGroup;
			children = (
				1C8CFE64283D11F80045F23B /* LoginController.swift */,
				1CB571EB283627AE0016A911 /* RegisterController.swift */,
				1C38D247283E26140081B0C9 /* TransactionController.swift */,
				1C38D243283D14FE0081B0C9 /* ControllerUtils.swift */,
				1CB571FD283627D50016A911 /* DigitalOTPManager.swift */,
				1C8CFE5B283D00F90045F23B /* Context.swift */,
				1C8CFE5D283D08070045F23B /* dto */,
				1CB571E7283627AE0016A911 /* AppDelegate.swift */,
				1CB571E9283627AE0016A911 /* SceneDelegate.swift */,
				1CB571ED283627AE0016A911 /* Main.storyboard */,
				1CB571F2283627AF0016A911 /* LaunchScreen.storyboard */,
				1CB571F0283627AF0016A911 /* Assets.xcassets */,
				1CB571F5283627AF0016A911 /* Info.plist */,
			);
			path = "digital-otp-ios-demo";
			sourceTree = "<group>";
		};
/* End PBXGroup section */

/* Begin PBXNativeTarget section */
		1CB571E3283627AE0016A911 /* digital-otp-ios-demo */ = {
			isa = PBXNativeTarget;
			buildConfigurationList = 1CB571F8283627AF0016A911 /* Build configuration list for PBXNativeTarget "digital-otp-ios-demo" */;
			buildPhases = (
				1CB571E0283627AE0016A911 /* Sources */,
				1CB571E1283627AE0016A911 /* Frameworks */,
				1CB571E2283627AE0016A911 /* Resources */,
			);
			buildRules = (
			);
			dependencies = (
			);
			name = "digital-otp-ios-demo";
			productName = "digital-otp-ios-demo";
			productReference = 1CB571E4283627AE0016A911 /* digital-otp-ios-demo.app */;
			productType = "com.apple.product-type.application";
		};
/* End PBXNativeTarget section */

/* Begin PBXProject section */
		1CB571DC283627AD0016A911 /* Project object */ = {
			isa = PBXProject;
			attributes = {
				BuildIndependentTargetsInParallel = 1;
				LastSwiftUpdateCheck = 1340;
				LastUpgradeCheck = 1340;
				TargetAttributes = {
					1CB571E3283627AE0016A911 = {
						CreatedOnToolsVersion = 13.4;
					};
				};
			};
			buildConfigurationList = 1CB571DF283627AD0016A911 /* Build configuration list for PBXProject "digital-otp-ios-demo" */;
			compatibilityVersion = "Xcode 13.0";
			developmentRegion = en;
			hasScannedForEncodings = 0;
			knownRegions = (
				en,
				Base,
			);
			mainGroup = 1CB571DB283627AD0016A911;
			productRefGroup = 1CB571E5283627AE0016A911 /* Products */;
			projectDirPath = "";
			projectRoot = "";
			targets = (
				1CB571E3283627AE0016A911 /* digital-otp-ios-demo */,
			);
		};
/* End PBXProject section */

/* Begin PBXResourcesBuildPhase section */
		1CB571E2283627AE0016A911 /* Resources */ = {
			isa = PBXResourcesBuildPhase;
			buildActionMask = 2147483647;
			files = (
				1CB571F4283627AF0016A911 /* LaunchScreen.storyboard in Resources */,
				1CB571F1283627AF0016A911 /* Assets.xcassets in Resources */,
				1CB571EF283627AE0016A911 /* Main.storyboard in Resources */,
			);
			runOnlyForDeploymentPostprocessing = 0;
		};
/* End PBXResourcesBuildPhase section */

/* Begin PBXSourcesBuildPhase section */
		1CB571E0283627AE0016A911 /* Sources */ = {
			isa = PBXSourcesBuildPhase;
			buildActionMask = 2147483647;
			files = (
				1CB571EC283627AE0016A911 /* RegisterController.swift in Sources */,
				1CA2453E28364C8F0013EF32 /* GeneralResponse.swift in Sources */,
				1C38D244283D14FE0081B0C9 /* ControllerUtils.swift in Sources */,
				1CB57205283637640016A911 /* FAQ.swift in Sources */,
				1C38D246283DE45C0081B0C9 /* PreRegister.swift in Sources */,
				1CB571E8283627AE0016A911 /* AppDelegate.swift in Sources */,
				1C38D248283E26140081B0C9 /* TransactionController.swift in Sources */,
				1C8CFE61283D0B250045F23B /* Register.swift in Sources */,
				1C8CFE5C283D00F90045F23B /* Context.swift in Sources */,
				1CB571FE283627D50016A911 /* DigitalOTPManager.swift in Sources */,
				1C8CFE5F283D081A0045F23B /* CDCNAuth.swift in Sources */,
				1CB571EA283627AE0016A911 /* SceneDelegate.swift in Sources */,
				1C8CFE65283D11F80045F23B /* LoginController.swift in Sources */,
			);
			runOnlyForDeploymentPostprocessing = 0;
		};
/* End PBXSourcesBuildPhase section */

/* Begin PBXVariantGroup section */
		1CB571ED283627AE0016A911 /* Main.storyboard */ = {
			isa = PBXVariantGroup;
			children = (
				1CB571EE283627AE0016A911 /* Base */,
			);
			name = Main.storyboard;
			sourceTree = "<group>";
		};
		1CB571F2283627AF0016A911 /* LaunchScreen.storyboard */ = {
			isa = PBXVariantGroup;
			children = (
				1CB571F3283627AF0016A911 /* Base */,
			);
			name = LaunchScreen.storyboard;
			sourceTree = "<group>";
		};
/* End PBXVariantGroup section */

/* Begin XCBuildConfiguration section */
		1CB571F6283627AF0016A911 /* Debug */ = {
			isa = XCBuildConfiguration;
			buildSettings = {
				ALWAYS_SEARCH_USER_PATHS = NO;
				CLANG_ANALYZER_NONNULL = YES;
				CLANG_ANALYZER_NUMBER_OBJECT_CONVERSION = YES_AGGRESSIVE;
				CLANG_CXX_LANGUAGE_STANDARD = "gnu++17";
				CLANG_ENABLE_MODULES = YES;
				CLANG_ENABLE_OBJC_ARC = YES;
				CLANG_ENABLE_OBJC_WEAK = YES;
				CLANG_WARN_BLOCK_CAPTURE_AUTORELEASING = YES;
				CLANG_WARN_BOOL_CONVERSION = YES;
				CLANG_WARN_COMMA = YES;
				CLANG_WARN_CONSTANT_CONVERSION = YES;
				CLANG_WARN_DEPRECATED_OBJC_IMPLEMENTATIONS = YES;
				CLANG_WARN_DIRECT_OBJC_ISA_USAGE = YES_ERROR;
				CLANG_WARN_DOCUMENTATION_COMMENTS = YES;
				CLANG_WARN_EMPTY_BODY = YES;
				CLANG_WARN_ENUM_CONVERSION = YES;
				CLANG_WARN_INFINITE_RECURSION = YES;
				CLANG_WARN_INT_CONVERSION = YES;
				CLANG_WARN_NON_LITERAL_NULL_CONVERSION = YES;
				CLANG_WARN_OBJC_IMPLICIT_RETAIN_SELF = YES;
				CLANG_WARN_OBJC_LITERAL_CONVERSION = YES;
				CLANG_WARN_OBJC_ROOT_CLASS = YES_ERROR;
				CLANG_WARN_QUOTED_INCLUDE_IN_FRAMEWORK_HEADER = YES;
				CLANG_WARN_RANGE_LOOP_ANALYSIS = YES;
				CLANG_WARN_STRICT_PROTOTYPES = YES;
				CLANG_WARN_SUSPICIOUS_MOVE = YES;
				CLANG_WARN_UNGUARDED_AVAILABILITY = YES_AGGRESSIVE;
				CLANG_WARN_UNREACHABLE_CODE = YES;
				CLANG_WARN__DUPLICATE_METHOD_MATCH = YES;
				COPY_PHASE_STRIP = NO;
				DEBUG_INFORMATION_FORMAT = dwarf;
				ENABLE_STRICT_OBJC_MSGSEND = YES;
				ENABLE_TESTABILITY = YES;
				GCC_C_LANGUAGE_STANDARD = gnu11;
				GCC_DYNAMIC_NO_PIC = NO;
				GCC_NO_COMMON_BLOCKS = YES;
				GCC_OPTIMIZATION_LEVEL = 0;
				GCC_PREPROCESSOR_DEFINITIONS = (
					"DEBUG=1",
					"$(inherited)",
				);
				GCC_WARN_64_TO_32_BIT_CONVERSION = YES;
				GCC_WARN_ABOUT_RETURN_TYPE = YES_ERROR;
				GCC_WARN_UNDECLARED_SELECTOR = YES;
				GCC_WARN_UNINITIALIZED_AUTOS = YES_AGGRESSIVE;
				GCC_WARN_UNUSED_FUNCTION = YES;
				GCC_WARN_UNUSED_VARIABLE = YES;
				IPHONEOS_DEPLOYMENT_TARGET = 15.5;
				MTL_ENABLE_DEBUG_INFO = INCLUDE_SOURCE;
				MTL_FAST_MATH = YES;
				ONLY_ACTIVE_ARCH = YES;
				SDKROOT = iphoneos;
				SWIFT_ACTIVE_COMPILATION_CONDITIONS = DEBUG;
				SWIFT_OPTIMIZATION_LEVEL = "-Onone";
			};
			name = Debug;
		};
		1CB571F7283627AF0016A911 /* Release */ = {
			isa = XCBuildConfiguration;
			buildSettings = {
				ALWAYS_SEARCH_USER_PATHS = NO;
				CLANG_ANALYZER_NONNULL = YES;
				CLANG_ANALYZER_NUMBER_OBJECT_CONVERSION = YES_AGGRESSIVE;
				CLANG_CXX_LANGUAGE_STANDARD = "gnu++17";
				CLANG_ENABLE_MODULES = YES;
				CLANG_ENABLE_OBJC_ARC = YES;
				CLANG_ENABLE_OBJC_WEAK = YES;
				CLANG_WARN_BLOCK_CAPTURE_AUTORELEASING = YES;
				CLANG_WARN_BOOL_CONVERSION = YES;
				CLANG_WARN_COMMA = YES;
				CLANG_WARN_CONSTANT_CONVERSION = YES;
				CLANG_WARN_DEPRECATED_OBJC_IMPLEMENTATIONS = YES;
				CLANG_WARN_DIRECT_OBJC_ISA_USAGE = YES_ERROR;
				CLANG_WARN_DOCUMENTATION_COMMENTS = YES;
				CLANG_WARN_EMPTY_BODY = YES;
				CLANG_WARN_ENUM_CONVERSION = YES;
				CLANG_WARN_INFINITE_RECURSION = YES;
				CLANG_WARN_INT_CONVERSION = YES;
				CLANG_WARN_NON_LITERAL_NULL_CONVERSION = YES;
				CLANG_WARN_OBJC_IMPLICIT_RETAIN_SELF = YES;
				CLANG_WARN_OBJC_LITERAL_CONVERSION = YES;
				CLANG_WARN_OBJC_ROOT_CLASS = YES_ERROR;
				CLANG_WARN_QUOTED_INCLUDE_IN_FRAMEWORK_HEADER = YES;
				CLANG_WARN_RANGE_LOOP_ANALYSIS = YES;
				CLANG_WARN_STRICT_PROTOTYPES = YES;
				CLANG_WARN_SUSPICIOUS_MOVE = YES;
				CLANG_WARN_UNGUARDED_AVAILABILITY = YES_AGGRESSIVE;
				CLANG_WARN_UNREACHABLE_CODE = YES;
				CLANG_WARN__DUPLICATE_METHOD_MATCH = YES;
				COPY_PHASE_STRIP = NO;
				DEBUG_INFORMATION_FORMAT = "dwarf-with-dsym";
				ENABLE_NS_ASSERTIONS = NO;
				ENABLE_STRICT_OBJC_MSGSEND = YES;
				GCC_C_LANGUAGE_STANDARD = gnu11;
				GCC_NO_COMMON_BLOCKS = YES;
				GCC_WARN_64_TO_32_BIT_CONVERSION = YES;
				GCC_WARN_ABOUT_RETURN_TYPE = YES_ERROR;
				GCC_WARN_UNDECLARED_SELECTOR = YES;
				GCC_WARN_UNINITIALIZED_AUTOS = YES_AGGRESSIVE;
				GCC_WARN_UNUSED_FUNCTION = YES;
				GCC_WARN_UNUSED_VARIABLE = YES;
				IPHONEOS_DEPLOYMENT_TARGET = 15.5;
				MTL_ENABLE_DEBUG_INFO = NO;
				MTL_FAST_MATH = YES;
				SDKROOT = iphoneos;
				SWIFT_COMPILATION_MODE = wholemodule;
				SWIFT_OPTIMIZATION_LEVEL = "-O";
				VALIDATE_PRODUCT = YES;
			};
			name = Release;
		};
		1CB571F9283627AF0016A911 /* Debug */ = {
			isa = XCBuildConfiguration;
			buildSettings = {
				ASSETCATALOG_COMPILER_APPICON_NAME = AppIcon;
				ASSETCATALOG_COMPILER_GLOBAL_ACCENT_COLOR_NAME = AccentColor;
				CODE_SIGN_STYLE = Automatic;
				CURRENT_PROJECT_VERSION = 1;
				DEVELOPMENT_TEAM = LYZF537KR9;
				GENERATE_INFOPLIST_FILE = YES;
				INFOPLIST_FILE = "digital-otp-ios-demo/Info.plist";
				INFOPLIST_KEY_UIApplicationSupportsIndirectInputEvents = YES;
				INFOPLIST_KEY_UILaunchStoryboardName = LaunchScreen;
				INFOPLIST_KEY_UIMainStoryboardFile = Main;
				INFOPLIST_KEY_UISupportedInterfaceOrientations_iPad = "UIInterfaceOrientationPortrait UIInterfaceOrientationPortraitUpsideDown UIInterfaceOrientationLandscapeLeft UIInterfaceOrientationLandscapeRight";
				INFOPLIST_KEY_UISupportedInterfaceOrientations_iPhone = "UIInterfaceOrientationPortrait UIInterfaceOrientationLandscapeLeft UIInterfaceOrientationLandscapeRight";
				LD_RUNPATH_SEARCH_PATHS = (
					"$(inherited)",
					"@executable_path/Frameworks",
				);
				MARKETING_VERSION = 1.0;
				PRODUCT_BUNDLE_IDENTIFIER = "vn.com.viettel.vds.digital-otp-ios-demo";
				PRODUCT_NAME = "$(TARGET_NAME)";
				SWIFT_EMIT_LOC_STRINGS = YES;
				SWIFT_VERSION = 5.0;
				TARGETED_DEVICE_FAMILY = "1,2";
			};
			name = Debug;
		};
		1CB571FA283627AF0016A911 /* Release */ = {
			isa = XCBuildConfiguration;
			buildSettings = {
				ASSETCATALOG_COMPILER_APPICON_NAME = AppIcon;
				ASSETCATALOG_COMPILER_GLOBAL_ACCENT_COLOR_NAME = AccentColor;
				CODE_SIGN_STYLE = Automatic;
				CURRENT_PROJECT_VERSION = 1;
				DEVELOPMENT_TEAM = LYZF537KR9;
				GENERATE_INFOPLIST_FILE = YES;
				INFOPLIST_FILE = "digital-otp-ios-demo/Info.plist";
				INFOPLIST_KEY_UIApplicationSupportsIndirectInputEvents = YES;
				INFOPLIST_KEY_UILaunchStoryboardName = LaunchScreen;
				INFOPLIST_KEY_UIMainStoryboardFile = Main;
				INFOPLIST_KEY_UISupportedInterfaceOrientations_iPad = "UIInterfaceOrientationPortrait UIInterfaceOrientationPortraitUpsideDown UIInterfaceOrientationLandscapeLeft UIInterfaceOrientationLandscapeRight";
				INFOPLIST_KEY_UISupportedInterfaceOrientations_iPhone = "UIInterfaceOrientationPortrait UIInterfaceOrientationLandscapeLeft UIInterfaceOrientationLandscapeRight";
				LD_RUNPATH_SEARCH_PATHS = (
					"$(inherited)",
					"@executable_path/Frameworks",
				);
				MARKETING_VERSION = 1.0;
				PRODUCT_BUNDLE_IDENTIFIER = "vn.com.viettel.vds.digital-otp-ios-demo";
				PRODUCT_NAME = "$(TARGET_NAME)";
				SWIFT_EMIT_LOC_STRINGS = YES;
				SWIFT_VERSION = 5.0;
				TARGETED_DEVICE_FAMILY = "1,2";
			};
			name = Release;
		};
/* End XCBuildConfiguration section */

/* Begin XCConfigurationList section */
		1CB571DF283627AD0016A911 /* Build configuration list for PBXProject "digital-otp-ios-demo" */ = {
			isa = XCConfigurationList;
			buildConfigurations = (
				1CB571F6283627AF0016A911 /* Debug */,
				1CB571F7283627AF0016A911 /* Release */,
			);
			defaultConfigurationIsVisible = 0;
			defaultConfigurationName = Release;
		};
		1CB571F8283627AF0016A911 /* Build configuration list for PBXNativeTarget "digital-otp-ios-demo" */ = {
			isa = XCConfigurationList;
			buildConfigurations = (
				1CB571F9283627AF0016A911 /* Debug */,
				1CB571FA283627AF0016A911 /* Release */,
			);
			defaultConfigurationIsVisible = 0;
			defaultConfigurationName = Release;
		};
/* End XCConfigurationList section */
	};
	rootObject = 1CB571DC283627AD0016A911 /* Project object */;
}
